{
  "requires": true,
  "lockfileVersion": 1,
  "dependencies": {
    "argvee": {
      "version": "0.1.1",
      "resolved": "https://registry.npm.taobao.org/argvee/download/argvee-0.1.1.tgz",
      "integrity": "sha1-2Q6HpEKdHoo6c+Y4okL76lz2DLM="
    },
    "eyehurt": {
      "version": "0.0.1",
      "resolved": "https://registry.npm.taobao.org/eyehurt/download/eyehurt-0.0.1.tgz",
      "integrity": "sha1-oVewT6asqIseMXG7svuoCJwcY/I="
    },
    "fload": {
      "version": "0.1.1",
      "resolved": "https://registry.npm.taobao.org/fload/download/fload-0.1.1.tgz",
      "integrity": "sha1-uZAJtkckaJlhE4qMDBwaXBgv+d8=",
      "requires": {
        "glob": "~3.2.7"
      }
    },
    "glob": {
      "version": "3.2.11",
      "resolved": "https://registry.npm.taobao.org/glob/download/glob-3.2.11.tgz",
      "integrity": "sha1-Spc/Y1uRkPcV0QmH1cAP0oFevj0=",
      "requires": {
        "inherits": "2",
        "minimatch": "0.3"
      }
    },
    "inherits": {
      "version": "2.0.4",
      "resolved": "https://registry.npm.taobao.org/inherits/download/inherits-2.0.4.tgz",
      "integrity": "sha1-D6LGT5MpF8NDOg3tVTY6rjdBa3w="
    },
    "lru-cache": {
      "version": "2.7.3",
      "resolved": "https://registry.npm.taobao.org/lru-cache/download/lru-cache-2.7.3.tgz",
      "integrity": "sha1-bUUk6LlV+V1PW1iFHOId1y+06VI="
    },
    "mini": {
      "version": "1.1.0",
      "resolved": "https://registry.npm.taobao.org/mini/download/mini-1.1.0.tgz",
      "integrity": "sha1-a1rKWdlUh2Y5q/NBZ+tg6683vVY=",
      "requires": {
        "argvee": "^0.1.1",
        "eyehurt": "0.0.1",
        "fload": "^0.1.0",
        "tryc": "^0.1.0",
        "v8-argv": "^0.2.0"
      }
    },
    "mini-ali-ui": {
      "version": "1.1.6",
      "resolved": "https://registry.npm.taobao.org/mini-ali-ui/download/mini-ali-ui-1.1.6.tgz",
      "integrity": "sha1-dOCkixzF1Dks/ZWjdOr5cNMWXYs="
    },
    "minimatch": {
      "version": "0.3.0",
      "resolved": "https://registry.npm.taobao.org/minimatch/download/minimatch-0.3.0.tgz",
      "integrity": "sha1-J12O2qxPG7MyZHIInnlJyDlGmd0=",
      "requires": {
        "lru-cache": "2",
        "sigmund": "~1.0.0"
      }
    },
    "sigmund": {
      "version": "1.0.1",
      "resolved": "https://registry.npm.taobao.org/sigmund/download/sigmund-1.0.1.tgz",
      "integrity": "sha1-P/IfGYytIXX587eBhT/ZTQ0ZtZA="
    },
    "tryc": {
      "version": "0.1.0",
      "resolved": "https://registry.npm.taobao.org/tryc/download/tryc-0.1.0.tgz",
      "integrity": "sha1-MNjFxgo/5fO258hsFurB6+Dz/1s="
    },
    "v8-argv": {
      "version": "0.2.0",
      "resolved": "https://registry.npm.taobao.org/v8-argv/download/v8-argv-0.2.0.tgz",
      "integrity": "sha1-TLnsU+pElAJoGp+sa42L6Nn5s14="
    }
  }
}
